
Microsoft Visual Studio Solution File, Format Version 12.00
# Visual Studio 15
VisualStudioVersion = 15.0.26730.12
MinimumVisualStudioVersion = 10.0.40219.1
Project("{2150E333-8FDC-42A3-9474-1A3956D46DE8}") = "0 - Modelagem de Entidades", "0 - Modelagem de Entidades", "{BE934CEB-4F31-4E8F-A59B-AAF4910D0B30}"
EndProject
Project("{2150E333-8FDC-42A3-9474-1A3956D46DE8}") = "1 - Sistema", "1 - Sistema", "{309F8E8E-A9B5-4CAF-8854-42B0EF8D9EE8}"
EndProject
Project("{2150E333-8FDC-42A3-9474-1A3956D46DE8}") = "1.1 - Camada de Apresentação", "1.1 - Camada de Apresentação", "{CE9CA0F9-FA35-4EA6-BCBD-680329012ABD}"
EndProject
Project("{2150E333-8FDC-42A3-9474-1A3956D46DE8}") = "1.2 - Camada de Regras de Negócio", "1.2 - Camada de Regras de Negócio", "{AD6491CA-65EA-43A0-9207-64F0149992C6}"
EndProject
Project("{2150E333-8FDC-42A3-9474-1A3956D46DE8}") = "1.3 - Camada de Acesso a Dados", "1.3 - Camada de Acesso a Dados", "{161A583A-6D32-4C5B-9FB7-50CD3F675170}"
EndProject
Project("{FAE04EC0-301F-11D3-BF4B-00C04F79EFBC}") = "Projeto.Entidades", "Projeto.Entidades\Projeto.Entidades.csproj", "{E39E0DDD-D166-4B27-9C7D-4FD9435146E6}"
EndProject
Project("{FAE04EC0-301F-11D3-BF4B-00C04F79EFBC}") = "Projeto.WEB", "Projeto.WEB\Projeto.WEB.csproj", "{F3791297-8767-43FD-8000-DA149051DB8A}"
EndProject
Project("{FAE04EC0-301F-11D3-BF4B-00C04F79EFBC}") = "Projeto.DAL", "Projeto.DAL\Projeto.DAL.csproj", "{5A4B235C-0F3B-4F1F-937F-77A34878A55F}"
EndProject
Project("{FAE04EC0-301F-11D3-BF4B-00C04F79EFBC}") = "Projeto.BLL", "Projeto.BLL\Projeto.BLL.csproj", "{AA0F0485-5997-4788-9912-7496C0ECC22F}"
EndProject
Global
	GlobalSection(SolutionConfigurationPlatforms) = preSolution
		Debug|Any CPU = Debug|Any CPU
		Release|Any CPU = Release|Any CPU
	EndGlobalSection
	GlobalSection(ProjectConfigurationPlatforms) = postSolution
		{E39E0DDD-D166-4B27-9C7D-4FD9435146E6}.Debug|Any CPU.ActiveCfg = Debug|Any CPU
		{E39E0DDD-D166-4B27-9C7D-4FD9435146E6}.Debug|Any CPU.Build.0 = Debug|Any CPU
		{E39E0DDD-D166-4B27-9C7D-4FD9435146E6}.Release|Any CPU.ActiveCfg = Release|Any CPU
		{E39E0DDD-D166-4B27-9C7D-4FD9435146E6}.Release|Any CPU.Build.0 = Release|Any CPU
		{F3791297-8767-43FD-8000-DA149051DB8A}.Debug|Any CPU.ActiveCfg = Debug|Any CPU
		{F3791297-8767-43FD-8000-DA149051DB8A}.Debug|Any CPU.Build.0 = Debug|Any CPU
		{F3791297-8767-43FD-8000-DA149051DB8A}.Release|Any CPU.ActiveCfg = Release|Any CPU
		{F3791297-8767-43FD-8000-DA149051DB8A}.Release|Any CPU.Build.0 = Release|Any CPU
		{5A4B235C-0F3B-4F1F-937F-77A34878A55F}.Debug|Any CPU.ActiveCfg = Debug|Any CPU
		{5A4B235C-0F3B-4F1F-937F-77A34878A55F}.Debug|Any CPU.Build.0 = Debug|Any CPU
		{5A4B235C-0F3B-4F1F-937F-77A34878A55F}.Release|Any CPU.ActiveCfg = Release|Any CPU
		{5A4B235C-0F3B-4F1F-937F-77A34878A55F}.Release|Any CPU.Build.0 = Release|Any CPU
		{AA0F0485-5997-4788-9912-7496C0ECC22F}.Debug|Any CPU.ActiveCfg = Debug|Any CPU
		{AA0F0485-5997-4788-9912-7496C0ECC22F}.Debug|Any CPU.Build.0 = Debug|Any CPU
		{AA0F0485-5997-4788-9912-7496C0ECC22F}.Release|Any CPU.ActiveCfg = Release|Any CPU
		{AA0F0485-5997-4788-9912-7496C0ECC22F}.Release|Any CPU.Build.0 = Release|Any CPU
	EndGlobalSection
	GlobalSection(SolutionProperties) = preSolution
		HideSolutionNode = FALSE
	EndGlobalSection
	GlobalSection(NestedProjects) = preSolution
		{CE9CA0F9-FA35-4EA6-BCBD-680329012ABD} = {309F8E8E-A9B5-4CAF-8854-42B0EF8D9EE8}
		{AD6491CA-65EA-43A0-9207-64F0149992C6} = {309F8E8E-A9B5-4CAF-8854-42B0EF8D9EE8}
		{161A583A-6D32-4C5B-9FB7-50CD3F675170} = {309F8E8E-A9B5-4CAF-8854-42B0EF8D9EE8}
		{E39E0DDD-D166-4B27-9C7D-4FD9435146E6} = {BE934CEB-4F31-4E8F-A59B-AAF4910D0B30}
		{F3791297-8767-43FD-8000-DA149051DB8A} = {CE9CA0F9-FA35-4EA6-BCBD-680329012ABD}
		{5A4B235C-0F3B-4F1F-937F-77A34878A55F} = {161A583A-6D32-4C5B-9FB7-50CD3F675170}
		{AA0F0485-5997-4788-9912-7496C0ECC22F} = {AD6491CA-65EA-43A0-9207-64F0149992C6}
	EndGlobalSection
	GlobalSection(ExtensibilityGlobals) = postSolution
		SolutionGuid = {1868E692-766E-4E82-8B1E-E12F52954F04}
	EndGlobalSection
EndGlobal
